{
  "name": "fc",
  "version": "1.0.0",
  "lockfileVersion": 1,
  "requires": true,
  "dependencies": {
    "fccomponent2": {
      "version": "11.0.4",
      "resolved": "https://registry.npmjs.org/fccomponent2/-/fccomponent2-11.0.4.tgz",
      "integrity": "sha512-OeU239Lm1ThrELROn1JDQ67sHTwdpNitp8kf5OySIOHpQ4e//rK7hUTzH8qiGbBsDiG4sVymCVI6eF34slLUVg==",
      "requires": {
        "tslib": "^1.9.0"
      }
    },
    "fccore2": {
      "version": "10.0.4",
      "resolved": "https://registry.npmjs.org/fccore2/-/fccore2-10.0.4.tgz",
      "integrity": "sha512-6rDoSyiN5MKfYli7FkN5MZOzzYt8GGlgkKjc/dg932X9zXiPF1sWTFT93M1uLRVZiaL1nMi1Bl4o1XhTmpBZYw==",
      "requires": {
        "tslib": "^1.9.0"
      }
    },
    "tslib": {
      "version": "1.10.0",
      "resolved": "https://registry.npmjs.org/tslib/-/tslib-1.10.0.tgz",
      "integrity": "sha512-qOebF53frne81cf0S9B41ByenJ3/IuH8yJKngAX35CmiZySA0khhkovshKK+jGCaMnVomla7gVlIcc3EvKPbTQ=="
    }
  }
}
